// !$*UTF8*$!
{
	archiveVersion = 1;
	classes = {
	};
	objectVersion = 42;
	objects = {

/* Begin PBXBuildFile section */
		834B12560795DCB300E4BF6C /* AppController.m in Sources */ = {isa = PBXBuildFile; fileRef = 834B12530795DCB300E4BF6C /* AppController.m */; };
		834B12570795DCB300E4BF6C /* MyDocument.m in Sources */ = {isa = PBXBuildFile; fileRef = 834B12550795DCB300E4BF6C /* MyDocument.m */; };
		834B13820795DD1F00E4BF6C /* WebKit.framework in Frameworks */ = {isa = PBXBuildFile; fileRef = 834B13810795DD1F00E4BF6C /* WebKit.framework */; };
		834B13D30795DE5200E4BF6C /* MyDocument.nib in Resources */ = {isa = PBXBuildFile; fileRef = 834B13D20795DE5200E4BF6C /* MyDocument.nib */; };
		8A3C77E511180A0F00AB1817 /* Carbon.framework in Frameworks */ = {isa = PBXBuildFile; fileRef = 8A3C77E411180A0F00AB1817 /* Carbon.framework */; };
		8A3E4AD2124A151C00B963A6 /* ApplicationServices.framework in Frameworks */ = {isa = PBXBuildFile; fileRef = 8A3E4AD1124A151C00B963A6 /* ApplicationServices.framework */; };
		8A6C97B1122CEA68004E0826 /* MainMenu.nib in Resources */ = {isa = PBXBuildFile; fileRef = 8A6C97AF122CEA68004E0826 /* MainMenu.nib */; };
		8A7309081148CE5000364B6B /* myfile in Resources */ = {isa = PBXBuildFile; fileRef = 8A7309071148CE5000364B6B /* myfile */; };
		8AD373C7111988F5004AB349 /* FullscreenWindow.m in Sources */ = {isa = PBXBuildFile; fileRef = 8AD373C6111988F5004AB349 /* FullscreenWindow.m */; };
		8D11072B0486CEB800E47090 /* InfoPlist.strings in Resources */ = {isa = PBXBuildFile; fileRef = 089C165CFE840E0CC02AAC07 /* InfoPlist.strings */; };
		8D11072D0486CEB800E47090 /* main.m in Sources */ = {isa = PBXBuildFile; fileRef = 29B97316FDCFA39411CA2CEA /* main.m */; settings = {ATTRIBUTES = (); }; };
		8D11072F0486CEB800E47090 /* Cocoa.framework in Frameworks */ = {isa = PBXBuildFile; fileRef = 1058C7A1FEA54F0111CA2CBB /* Cocoa.framework */; };
/* End PBXBuildFile section */

/* Begin PBXFileReference section */
		089C165DFE840E0CC02AAC07 /* English */ = {isa = PBXFileReference; fileEncoding = 10; lastKnownFileType = text.plist.strings; name = English; path = English.lproj/InfoPlist.strings; sourceTree = "<group>"; };
		1058C7A1FEA54F0111CA2CBB /* Cocoa.framework */ = {isa = PBXFileReference; lastKnownFileType = wrapper.framework; name = Cocoa.framework; path = /System/Library/Frameworks/Cocoa.framework; sourceTree = "<absolute>"; };
		29B97316FDCFA39411CA2CEA /* main.m */ = {isa = PBXFileReference; fileEncoding = 4; lastKnownFileType = sourcecode.c.objc; path = main.m; sourceTree = "<group>"; };
		32CA4F630368D1EE00C91783 /* LockDownBrowser_Prefix.pch */ = {isa = PBXFileReference; fileEncoding = 4; lastKnownFileType = sourcecode.c.h; path = LockDownBrowser_Prefix.pch; sourceTree = "<group>"; };
		834B12520795DCB300E4BF6C /* AppController.h */ = {isa = PBXFileReference; fileEncoding = 30; lastKnownFileType = sourcecode.c.h; path = AppController.h; sourceTree = "<group>"; };
		834B12530795DCB300E4BF6C /* AppController.m */ = {isa = PBXFileReference; fileEncoding = 30; lastKnownFileType = sourcecode.c.objc; path = AppController.m; sourceTree = "<group>"; };
		834B12540795DCB300E4BF6C /* MyDocument.h */ = {isa = PBXFileReference; fileEncoding = 30; lastKnownFileType = sourcecode.c.h; path = MyDocument.h; sourceTree = "<group>"; };
		834B12550795DCB300E4BF6C /* MyDocument.m */ = {isa = PBXFileReference; fileEncoding = 30; lastKnownFileType = sourcecode.c.objc; path = MyDocument.m; sourceTree = "<group>"; };
		834B12580795DCCD00E4BF6C /* English */ = {isa = PBXFileReference; lastKnownFileType = wrapper.nib; name = English; path = English.lproj/MyDocument.nib; sourceTree = "<group>"; };
		834B13810795DD1F00E4BF6C /* WebKit.framework */ = {isa = PBXFileReference; lastKnownFileType = wrapper.framework; name = WebKit.framework; path = /System/Library/Frameworks/WebKit.framework; sourceTree = "<absolute>"; };
		8A3C77E411180A0F00AB1817 /* Carbon.framework */ = {isa = PBXFileReference; lastKnownFileType = wrapper.framework; name = Carbon.framework; path = /System/Library/Frameworks/Carbon.framework; sourceTree = "<absolute>"; };
		8A3E4AD1124A151C00B963A6 /* ApplicationServices.framework */ = {isa = PBXFileReference; lastKnownFileType = wrapper.framework; name = ApplicationServices.framework; path = /System/Library/Frameworks/ApplicationServices.framework; sourceTree = "<absolute>"; };
		8A6C97B0122CEA68004E0826 /* English */ = {isa = PBXFileReference; lastKnownFileType = wrapper.nib; name = English; path = English.lproj/MainMenu.nib; sourceTree = "<group>"; };
		8A7309071148CE5000364B6B /* myfile */ = {isa = PBXFileReference; fileEncoding = 4; lastKnownFileType = text; path = myfile; sourceTree = "<group>"; };
		8A73F120122CE745006952EB /* LockDownBrowser.app */ = {isa = PBXFileReference; explicitFileType = wrapper.application; includeInIndex = 0; path = LockDownBrowser.app; sourceTree = BUILT_PRODUCTS_DIR; };
		8AD373C5111988F5004AB349 /* FullscreenWindow.h */ = {isa = PBXFileReference; fileEncoding = 4; lastKnownFileType = sourcecode.c.h; path = FullscreenWindow.h; sourceTree = "<group>"; };
		8AD373C6111988F5004AB349 /* FullscreenWindow.m */ = {isa = PBXFileReference; fileEncoding = 4; lastKnownFileType = sourcecode.c.objc; path = FullscreenWindow.m; sourceTree = "<group>"; };
		8D1107310486CEB800E47090 /* Info.plist */ = {isa = PBXFileReference; fileEncoding = 4; lastKnownFileType = text.plist; path = Info.plist; sourceTree = "<group>"; };
/* End PBXFileReference section */

/* Begin PBXFrameworksBuildPhase section */
		8D11072E0486CEB800E47090 /* Frameworks */ = {
			isa = PBXFrameworksBuildPhase;
			buildActionMask = 2147483647;
			files = (
				8D11072F0486CEB800E47090 /* Cocoa.framework in Frameworks */,
				834B13820795DD1F00E4BF6C /* WebKit.framework in Frameworks */,
				8A3C77E511180A0F00AB1817 /* Carbon.framework in Frameworks */,
				8A3E4AD2124A151C00B963A6 /* ApplicationServices.framework in Frameworks */,
			);
			runOnlyForDeploymentPostprocessing = 0;
		};
/* End PBXFrameworksBuildPhase section */

/* Begin PBXGroup section */
		080E96DDFE201D6D7F000001 /* Classes */ = {
			isa = PBXGroup;
			children = (
				8AD373C6111988F5004AB349 /* FullscreenWindow.m */,
				8AD373C5111988F5004AB349 /* FullscreenWindow.h */,
				834B12520795DCB300E4BF6C /* AppController.h */,
				834B12530795DCB300E4BF6C /* AppController.m */,
				834B12540795DCB300E4BF6C /* MyDocument.h */,
				834B12550795DCB300E4BF6C /* MyDocument.m */,
			);
			name = Classes;
			sourceTree = "<group>";
		};
		19C28FACFE9D520D11CA2CBB /* Products */ = {
			isa = PBXGroup;
			children = (
				8A73F120122CE745006952EB /* LockDownBrowser.app */,
			);
			name = Products;
			sourceTree = "<group>";
		};
		29B97314FDCFA39411CA2CEA /* LockDownBrowser */ = {
			isa = PBXGroup;
			children = (
				8A3E4AD1124A151C00B963A6 /* ApplicationServices.framework */,
				8A7309071148CE5000364B6B /* myfile */,
				8A3C77E411180A0F00AB1817 /* Carbon.framework */,
				080E96DDFE201D6D7F000001 /* Classes */,
				29B97315FDCFA39411CA2CEA /* Other Sources */,
				29B97317FDCFA39411CA2CEA /* Resources */,
				29B97323FDCFA39411CA2CEA /* Frameworks */,
				19C28FACFE9D520D11CA2CBB /* Products */,
			);
			name = LockDownBrowser;
			sourceTree = "<group>";
		};
		29B97315FDCFA39411CA2CEA /* Other Sources */ = {
			isa = PBXGroup;
			children = (
				32CA4F630368D1EE00C91783 /* LockDownBrowser_Prefix.pch */,
				29B97316FDCFA39411CA2CEA /* main.m */,
			);
			name = "Other Sources";
			sourceTree = "<group>";
		};
		29B97317FDCFA39411CA2CEA /* Resources */ = {
			isa = PBXGroup;
			children = (
				8A6C97AF122CEA68004E0826 /* MainMenu.nib */,
				834B13D20795DE5200E4BF6C /* MyDocument.nib */,
				8D1107310486CEB800E47090 /* Info.plist */,
				089C165CFE840E0CC02AAC07 /* InfoPlist.strings */,
			);
			name = Resources;
			sourceTree = "<group>";
		};
		29B97323FDCFA39411CA2CEA /* Frameworks */ = {
			isa = PBXGroup;
			children = (
				834B13810795DD1F00E4BF6C /* WebKit.framework */,
				1058C7A1FEA54F0111CA2CBB /* Cocoa.framework */,
			);
			name = Frameworks;
			sourceTree = "<group>";
		};
/* End PBXGroup section */

/* Begin PBXNativeTarget section */
		8D1107260486CEB800E47090 /* LockDownBrowser */ = {
			isa = PBXNativeTarget;
			buildConfigurationList = 149C297908902C52008A9EFC /* Build configuration list for PBXNativeTarget "LockDownBrowser" */;
			buildPhases = (
				8D1107290486CEB800E47090 /* Resources */,
				8D11072C0486CEB800E47090 /* Sources */,
				8D11072E0486CEB800E47090 /* Frameworks */,
			);
			buildRules = (
			);
			dependencies = (
			);
			name = LockDownBrowser;
			productInstallPath = "$(HOME)/Applications";
			productName = LockDownBrowser;
			productReference = 8A73F120122CE745006952EB /* LockDownBrowser.app */;
			productType = "com.apple.product-type.application";
		};
/* End PBXNativeTarget section */

/* Begin PBXProject section */
		29B97313FDCFA39411CA2CEA /* Project object */ = {
			isa = PBXProject;
			buildConfigurationList = 149C297D08902C52008A9EFC /* Build configuration list for PBXProject "LockDownBrowser" */;
			compatibilityVersion = "Xcode 2.4";
			hasScannedForEncodings = 1;
			mainGroup = 29B97314FDCFA39411CA2CEA /* LockDownBrowser */;
			projectDirPath = "";
			projectRoot = "";
			targets = (
				8D1107260486CEB800E47090 /* LockDownBrowser */,
			);
		};
/* End PBXProject section */

/* Begin PBXResourcesBuildPhase section */
		8D1107290486CEB800E47090 /* Resources */ = {
			isa = PBXResourcesBuildPhase;
			buildActionMask = 2147483647;
			files = (
				8D11072B0486CEB800E47090 /* InfoPlist.strings in Resources */,
				834B13D30795DE5200E4BF6C /* MyDocument.nib in Resources */,
				8A7309081148CE5000364B6B /* myfile in Resources */,
				8A6C97B1122CEA68004E0826 /* MainMenu.nib in Resources */,
			);
			runOnlyForDeploymentPostprocessing = 0;
		};
/* End PBXResourcesBuildPhase section */

/* Begin PBXSourcesBuildPhase section */
		8D11072C0486CEB800E47090 /* Sources */ = {
			isa = PBXSourcesBuildPhase;
			buildActionMask = 2147483647;
			files = (
				8D11072D0486CEB800E47090 /* main.m in Sources */,
				834B12560795DCB300E4BF6C /* AppController.m in Sources */,
				834B12570795DCB300E4BF6C /* MyDocument.m in Sources */,
				8AD373C7111988F5004AB349 /* FullscreenWindow.m in Sources */,
			);
			runOnlyForDeploymentPostprocessing = 0;
		};
/* End PBXSourcesBuildPhase section */

/* Begin PBXVariantGroup section */
		089C165CFE840E0CC02AAC07 /* InfoPlist.strings */ = {
			isa = PBXVariantGroup;
			children = (
				089C165DFE840E0CC02AAC07 /* English */,
			);
			name = InfoPlist.strings;
			sourceTree = "<group>";
		};
		834B13D20795DE5200E4BF6C /* MyDocument.nib */ = {
			isa = PBXVariantGroup;
			children = (
				834B12580795DCCD00E4BF6C /* English */,
			);
			name = MyDocument.nib;
			sourceTree = "<group>";
		};
		8A6C97AF122CEA68004E0826 /* MainMenu.nib */ = {
			isa = PBXVariantGroup;
			children = (
				8A6C97B0122CEA68004E0826 /* English */,
			);
			name = MainMenu.nib;
			sourceTree = "<group>";
		};
/* End PBXVariantGroup section */

/* Begin XCBuildConfiguration section */
		149C297A08902C52008A9EFC /* Debug */ = {
			isa = XCBuildConfiguration;
			buildSettings = {
				COPY_PHASE_STRIP = NO;
				GCC_DYNAMIC_NO_PIC = NO;
				GCC_ENABLE_FIX_AND_CONTINUE = YES;
				GCC_MODEL_TUNING = G5;
				GCC_OPTIMIZATION_LEVEL = 0;
				GCC_PRECOMPILE_PREFIX_HEADER = YES;
				GCC_PREFIX_HEADER = LockDownBrowser_Prefix.pch;
				INFOPLIST_FILE = Info.plist;
				INSTALL_PATH = "$(HOME)/Applications";
				PRODUCT_NAME = LockDownBrowser;
				WRAPPER_EXTENSION = app;
				ZERO_LINK = YES;
			};
			name = Debug;
		};
		149C297B08902C52008A9EFC /* Release */ = {
			isa = XCBuildConfiguration;
			buildSettings = {
				ARCHS = (
					ppc,
					i386,
				);
				GCC_GENERATE_DEBUGGING_SYMBOLS = NO;
				GCC_MODEL_TUNING = G5;
				GCC_PRECOMPILE_PREFIX_HEADER = YES;
				GCC_PREFIX_HEADER = LockDownBrowser_Prefix.pch;
				INFOPLIST_FILE = Info.plist;
				INSTALL_PATH = "$(HOME)/Applications";
				PRODUCT_NAME = LockDownBrowser;
				WRAPPER_EXTENSION = app;
			};
			name = Release;
		};
		149C297E08902C52008A9EFC /* Debug */ = {
			isa = XCBuildConfiguration;
			buildSettings = {
				DEBUG_INFORMATION_FORMAT = dwarf;
				GCC_WARN_ABOUT_RETURN_TYPE = YES;
				GCC_WARN_UNUSED_VARIABLE = YES;
				PREBINDING = NO;
				SDKROOT = /Developer/SDKs/MacOSX10.4u.sdk;
			};
			name = Debug;
		};
		149C297F08902C52008A9EFC /* Release */ = {
			isa = XCBuildConfiguration;
			buildSettings = {
				DEBUG_INFORMATION_FORMAT = dwarf;
				GCC_WARN_ABOUT_RETURN_TYPE = YES;
				GCC_WARN_UNUSED_VARIABLE = YES;
				PREBINDING = NO;
				SDKROOT = /Developer/SDKs/MacOSX10.4u.sdk;
			};
			name = Release;
		};
/* End XCBuildConfiguration section */

/* Begin XCConfigurationList section */
		149C297908902C52008A9EFC /* Build configuration list for PBXNativeTarget "LockDownBrowser" */ = {
			isa = XCConfigurationList;
			buildConfigurations = (
				149C297A08902C52008A9EFC /* Debug */,
				149C297B08902C52008A9EFC /* Release */,
			);
			defaultConfigurationIsVisible = 0;
			defaultConfigurationName = Release;
		};
		149C297D08902C52008A9EFC /* Build configuration list for PBXProject "LockDownBrowser" */ = {
			isa = XCConfigurationList;
			buildConfigurations = (
				149C297E08902C52008A9EFC /* Debug */,
				149C297F08902C52008A9EFC /* Release */,
			);
			defaultConfigurationIsVisible = 0;
			defaultConfigurationName = Release;
		};
/* End XCConfigurationList section */
	};
	rootObject = 29B97313FDCFA39411CA2CEA /* Project object */;
}
